
Microsoft Visual Studio Solution File, Format Version 12.00
# Visual Studio 15
VisualStudioVersion = 15.0.26730.16
MinimumVisualStudioVersion = 10.0.40219.1
Project("{FAE04EC0-301F-11D3-BF4B-00C04F79EFBC}") = "TestFileProcessor", "TestFileProcessor\TestFileProcessor.csproj", "{1BBED3D1-EBB0-4DD6-85C0-E281D6EE6BAD}"
EndProject
Project("{FAE04EC0-301F-11D3-BF4B-00C04F79EFBC}") = "TestFileProcessorClient", "TestFileProcessorClient\TestFileProcessorClient.csproj", "{946584AB-4FB0-471A-A728-E43B088F2DA2}"
EndProject
Global
	GlobalSection(SolutionConfigurationPlatforms) = preSolution
		Debug|Any CPU = Debug|Any CPU
		Release|Any CPU = Release|Any CPU
	EndGlobalSection
	GlobalSection(ProjectConfigurationPlatforms) = postSolution
		{1BBED3D1-EBB0-4DD6-85C0-E281D6EE6BAD}.Debug|Any CPU.ActiveCfg = Debug|Any CPU
		{1BBED3D1-EBB0-4DD6-85C0-E281D6EE6BAD}.Debug|Any CPU.Build.0 = Debug|Any CPU
		{1BBED3D1-EBB0-4DD6-85C0-E281D6EE6BAD}.Release|Any CPU.ActiveCfg = Release|Any CPU
		{1BBED3D1-EBB0-4DD6-85C0-E281D6EE6BAD}.Release|Any CPU.Build.0 = Release|Any CPU
		{946584AB-4FB0-471A-A728-E43B088F2DA2}.Debug|Any CPU.ActiveCfg = Debug|Any CPU
		{946584AB-4FB0-471A-A728-E43B088F2DA2}.Debug|Any CPU.Build.0 = Debug|Any CPU
		{946584AB-4FB0-471A-A728-E43B088F2DA2}.Release|Any CPU.ActiveCfg = Release|Any CPU
		{946584AB-4FB0-471A-A728-E43B088F2DA2}.Release|Any CPU.Build.0 = Release|Any CPU
	EndGlobalSection
	GlobalSection(SolutionProperties) = preSolution
		HideSolutionNode = FALSE
	EndGlobalSection
	GlobalSection(ExtensibilityGlobals) = postSolution
		SolutionGuid = {756BF449-ACBA-4588-B584-56338DE23225}
	EndGlobalSection
EndGlobal
